{
  "name": "kblog",
  "lockfileVersion": 2,
  "requires": true,
  "packages": {
    "": {
      "dependencies": {
        "clean-css": "^5.1.0",
        "htmlclean": "^3.0.8",
        "marked": "0.7.0",
        "terser": "^4.8.0"
      }
    },
    "node_modules/buffer-from": {
      "version": "1.1.1",
      "resolved": "https://registry.npmjs.org/buffer-from/-/buffer-from-1.1.1.tgz",
      "integrity": "sha512-MQcXEUbCKtEo7bhqEs6560Hyd4XaovZlO/k9V3hjVUF/zwW7KBVdSK4gIt/bzwS9MbR5qob+F5jusZsb0YQK2A=="
    },
    "node_modules/clean-css": {
      "version": "5.1.0",
      "resolved": "https://registry.npmjs.org/clean-css/-/clean-css-5.1.0.tgz",
      "integrity": "sha512-98ALLW4NOhZpvUEoSc2dJO23xE4S4SXc4mLieCVFGo8DNLTFQ3gzi7msW1lqSYJeGZSF5r5+W3KF6cEnkILnFQ==",
      "dependencies": {
        "source-map": "~0.6.0"
      },
      "engines": {
        "node": ">= 10.0"
      }
    },
    "node_modules/commander": {
      "version": "2.20.3",
      "resolved": "https://registry.npmjs.org/commander/-/commander-2.20.3.tgz",
      "integrity": "sha512-GpVkmM8vF2vQUkj2LvZmD35JxeJOLCwJ9cUkugyk2nuhbv3+mJvpLYYt+0+USMxE+oj+ey/lJEnhZw75x/OMcQ=="
    },
    "node_modules/htmlclean": {
      "version": "3.0.8",
      "resolved": "https://registry.npmjs.org/htmlclean/-/htmlclean-3.0.8.tgz",
      "integrity": "sha1-zqRRz1OZ1AGDhqVxKUifLWMOYrA=",
      "engines": {
        "node": ">= 0.8.0"
      }
    },
    "node_modules/marked": {
      "version": "0.7.0",
      "resolved": "https://registry.npmjs.org/marked/-/marked-0.7.0.tgz",
      "integrity": "sha512-c+yYdCZJQrsRjTPhUx7VKkApw9bwDkNbHUKo1ovgcfDjb2kc8rLuRbIFyXL5WOEUwzSSKo3IXpph2K6DqB/KZg==",
      "bin": {
        "marked": "bin/marked"
      },
      "engines": {
        "node": ">=0.10.0"
      }
    },
    "node_modules/source-map": {
      "version": "0.6.1",
      "resolved": "https://registry.npmjs.org/source-map/-/source-map-0.6.1.tgz",
      "integrity": "sha512-UjgapumWlbMhkBgzT7Ykc5YXUT46F0iKu8SGXq0bcwP5dz/h0Plj6enJqjz1Zbq2l5WaqYnrVbwWOWMyF3F47g==",
      "engines": {
        "node": ">=0.10.0"
      }
    },
    "node_modules/source-map-support": {
      "version": "0.5.19",
      "resolved": "https://registry.npmjs.org/source-map-support/-/source-map-support-0.5.19.tgz",
      "integrity": "sha512-Wonm7zOCIJzBGQdB+thsPar0kYuCIzYvxZwlBa87yi/Mdjv7Tip2cyVbLj5o0cFPN4EVkuTwb3GDDyUx2DGnGw==",
      "dependencies": {
        "buffer-from": "^1.0.0",
        "source-map": "^0.6.0"
      }
    },
    "node_modules/terser": {
      "version": "4.8.0",
      "resolved": "https://registry.npmjs.org/terser/-/terser-4.8.0.tgz",
      "integrity": "sha512-EAPipTNeWsb/3wLPeup1tVPaXfIaU68xMnVdPafIL1TV05OhASArYyIfFvnvJCNrR2NIOvDVNNTFRa+Re2MWyw==",
      "dependencies": {
        "commander": "^2.20.0",
        "source-map": "~0.6.1",
        "source-map-support": "~0.5.12"
      },
      "bin": {
        "terser": "bin/terser"
      },
      "engines": {
        "node": ">=6.0.0"
      }
    }
  },
  "dependencies": {
    "buffer-from": {
      "version": "1.1.1",
      "resolved": "https://registry.npmjs.org/buffer-from/-/buffer-from-1.1.1.tgz",
      "integrity": "sha512-MQcXEUbCKtEo7bhqEs6560Hyd4XaovZlO/k9V3hjVUF/zwW7KBVdSK4gIt/bzwS9MbR5qob+F5jusZsb0YQK2A=="
    },
    "clean-css": {
      "version": "5.1.0",
      "resolved": "https://registry.npmjs.org/clean-css/-/clean-css-5.1.0.tgz",
      "integrity": "sha512-98ALLW4NOhZpvUEoSc2dJO23xE4S4SXc4mLieCVFGo8DNLTFQ3gzi7msW1lqSYJeGZSF5r5+W3KF6cEnkILnFQ==",
      "requires": {
        "source-map": "~0.6.0"
      }
    },
    "commander": {
      "version": "2.20.3",
      "resolved": "https://registry.npmjs.org/commander/-/commander-2.20.3.tgz",
      "integrity": "sha512-GpVkmM8vF2vQUkj2LvZmD35JxeJOLCwJ9cUkugyk2nuhbv3+mJvpLYYt+0+USMxE+oj+ey/lJEnhZw75x/OMcQ=="
    },
    "htmlclean": {
      "version": "3.0.8",
      "resolved": "https://registry.npmjs.org/htmlclean/-/htmlclean-3.0.8.tgz",
      "integrity": "sha1-zqRRz1OZ1AGDhqVxKUifLWMOYrA="
    },
    "marked": {
      "version": "0.7.0",
      "resolved": "https://registry.npmjs.org/marked/-/marked-0.7.0.tgz",
      "integrity": "sha512-c+yYdCZJQrsRjTPhUx7VKkApw9bwDkNbHUKo1ovgcfDjb2kc8rLuRbIFyXL5WOEUwzSSKo3IXpph2K6DqB/KZg=="
    },
    "source-map": {
      "version": "0.6.1",
      "resolved": "https://registry.npmjs.org/source-map/-/source-map-0.6.1.tgz",
      "integrity": "sha512-UjgapumWlbMhkBgzT7Ykc5YXUT46F0iKu8SGXq0bcwP5dz/h0Plj6enJqjz1Zbq2l5WaqYnrVbwWOWMyF3F47g=="
    },
    "source-map-support": {
      "version": "0.5.19",
      "resolved": "https://registry.npmjs.org/source-map-support/-/source-map-support-0.5.19.tgz",
      "integrity": "sha512-Wonm7zOCIJzBGQdB+thsPar0kYuCIzYvxZwlBa87yi/Mdjv7Tip2cyVbLj5o0cFPN4EVkuTwb3GDDyUx2DGnGw==",
      "requires": {
        "buffer-from": "^1.0.0",
        "source-map": "^0.6.0"
      }
    },
    "terser": {
      "version": "4.8.0",
      "resolved": "https://registry.npmjs.org/terser/-/terser-4.8.0.tgz",
      "integrity": "sha512-EAPipTNeWsb/3wLPeup1tVPaXfIaU68xMnVdPafIL1TV05OhASArYyIfFvnvJCNrR2NIOvDVNNTFRa+Re2MWyw==",
      "requires": {
        "commander": "^2.20.0",
        "source-map": "~0.6.1",
        "source-map-support": "~0.5.12"
      }
    }
  }
}
